
Microsoft Visual Studio Solution File, Format Version 12.00
# Visual Studio Version 17
VisualStudioVersion = 17.8.34316.72
MinimumVisualStudioVersion = 10.0.40219.1
Project("{FAE04EC0-301F-11D3-BF4B-00C04F79EFBC}") = "LoginAPI", "LoginAPI.csproj", "{224AC5FD-5D66-4581-A64F-019D23FFA88A}"
EndProject
Global
	GlobalSection(SolutionConfigurationPlatforms) = preSolution
		Debug|Any CPU = Debug|Any CPU
		Release|Any CPU = Release|Any CPU
	EndGlobalSection
	GlobalSection(ProjectConfigurationPlatforms) = postSolution
		{224AC5FD-5D66-4581-A64F-019D23FFA88A}.Debug|Any CPU.ActiveCfg = Debug|Any CPU
		{224AC5FD-5D66-4581-A64F-019D23FFA88A}.Debug|Any CPU.Build.0 = Debug|Any CPU
		{224AC5FD-5D66-4581-A64F-019D23FFA88A}.Release|Any CPU.ActiveCfg = Release|Any CPU
		{224AC5FD-5D66-4581-A64F-019D23FFA88A}.Release|Any CPU.Build.0 = Release|Any CPU
	EndGlobalSection
	GlobalSection(SolutionProperties) = preSolution
		HideSolutionNode = FALSE
	EndGlobalSection
	GlobalSection(ExtensibilityGlobals) = postSolution
		SolutionGuid = {7CA83B3C-E903-4806-A25C-876DCAE67960}
	EndGlobalSection
EndGlobal
